
Microsoft Visual Studio Solution File, Format Version 12.00
# Visual Studio Version 16
VisualStudioVersion = 16.0.31729.503
MinimumVisualStudioVersion = 10.0.40219.1
Project("{FAE04EC0-301F-11D3-BF4B-00C04F79EFBC}") = "StudentsCrud", "StudentsCrud\StudentsCrud.csproj", "{A5734000-EC20-4A6B-A035-A5DC98FCE838}"
EndProject
Global
	GlobalSection(SolutionConfigurationPlatforms) = preSolution
		Debug|Any CPU = Debug|Any CPU
		Release|Any CPU = Release|Any CPU
	EndGlobalSection
	GlobalSection(ProjectConfigurationPlatforms) = postSolution
		{A5734000-EC20-4A6B-A035-A5DC98FCE838}.Debug|Any CPU.ActiveCfg = Debug|Any CPU
		{A5734000-EC20-4A6B-A035-A5DC98FCE838}.Debug|Any CPU.Build.0 = Debug|Any CPU
		{A5734000-EC20-4A6B-A035-A5DC98FCE838}.Release|Any CPU.ActiveCfg = Release|Any CPU
		{A5734000-EC20-4A6B-A035-A5DC98FCE838}.Release|Any CPU.Build.0 = Release|Any CPU
	EndGlobalSection
	GlobalSection(SolutionProperties) = preSolution
		HideSolutionNode = FALSE
	EndGlobalSection
	GlobalSection(ExtensibilityGlobals) = postSolution
		SolutionGuid = {58368522-2EC4-4453-842D-C5695124D5CA}
	EndGlobalSection
EndGlobal
